// !$*UTF8*$!
{
	archiveVersion = 1;
	classes = {
	};
	objectVersion = 50;
	objects = {

/* Begin PBXBuildFile section */
		846CC4ED23996954005E9516 /* AppDelegate.swift in Sources */ = {isa = PBXBuildFile; fileRef = 846CC4EC23996954005E9516 /* AppDelegate.swift */; };
		846CC4EF23996954005E9516 /* SceneDelegate.swift in Sources */ = {isa = PBXBuildFile; fileRef = 846CC4EE23996954005E9516 /* SceneDelegate.swift */; };
		846CC4F123996954005E9516 /* ViewController.swift in Sources */ = {isa = PBXBuildFile; fileRef = 846CC4F023996954005E9516 /* ViewController.swift */; };
		846CC4F423996954005E9516 /* Main.storyboard in Resources */ = {isa = PBXBuildFile; fileRef = 846CC4F223996954005E9516 /* Main.storyboard */; };
		846CC4F623996954005E9516 /* Assets.xcassets in Resources */ = {isa = PBXBuildFile; fileRef = 846CC4F523996954005E9516 /* Assets.xcassets */; };
		846CC4F923996954005E9516 /* LaunchScreen.storyboard in Resources */ = {isa = PBXBuildFile; fileRef = 846CC4F723996954005E9516 /* LaunchScreen.storyboard */; };
		846CC50423996954005E9516 /* OrderOfEventsTests.swift in Sources */ = {isa = PBXBuildFile; fileRef = 846CC50323996954005E9516 /* OrderOfEventsTests.swift */; };
		846CC50F23996955005E9516 /* OrderOfEventsUITests.swift in Sources */ = {isa = PBXBuildFile; fileRef = 846CC50E23996955005E9516 /* OrderOfEventsUITests.swift */; };
		846CC51D23996A4C005E9516 /* MiddleViewController.swift in Sources */ = {isa = PBXBuildFile; fileRef = 846CC51C23996A4C005E9516 /* MiddleViewController.swift */; };
		846CC51F23996A61005E9516 /* LastViewController.swift in Sources */ = {isa = PBXBuildFile; fileRef = 846CC51E23996A61005E9516 /* LastViewController.swift */; };
/* End PBXBuildFile section */

/* Begin PBXContainerItemProxy section */
		846CC50023996954005E9516 /* PBXContainerItemProxy */ = {
			isa = PBXContainerItemProxy;
			containerPortal = 846CC4E123996954005E9516 /* Project object */;
			proxyType = 1;
			remoteGlobalIDString = 846CC4E823996954005E9516;
			remoteInfo = OrderOfEvents;
		};
		846CC50B23996955005E9516 /* PBXContainerItemProxy */ = {
			isa = PBXContainerItemProxy;
			containerPortal = 846CC4E123996954005E9516 /* Project object */;
			proxyType = 1;
			remoteGlobalIDString = 846CC4E823996954005E9516;
			remoteInfo = OrderOfEvents;
		};
/* End PBXContainerItemProxy section */

/* Begin PBXFileReference section */
		846CC4E923996954005E9516 /* OrderOfEvents.app */ = {isa = PBXFileReference; explicitFileType = wrapper.application; includeInIndex = 0; path = OrderOfEvents.app; sourceTree = BUILT_PRODUCTS_DIR; };
		846CC4EC23996954005E9516 /* AppDelegate.swift */ = {isa = PBXFileReference; lastKnownFileType = sourcecode.swift; path = AppDelegate.swift; sourceTree = "<group>"; };
		846CC4EE23996954005E9516 /* SceneDelegate.swift */ = {isa = PBXFileReference; lastKnownFileType = sourcecode.swift; path = SceneDelegate.swift; sourceTree = "<group>"; };
		846CC4F023996954005E9516 /* ViewController.swift */ = {isa = PBXFileReference; lastKnownFileType = sourcecode.swift; path = ViewController.swift; sourceTree = "<group>"; };
		846CC4F323996954005E9516 /* Base */ = {isa = PBXFileReference; lastKnownFileType = file.storyboard; name = Base; path = Base.lproj/Main.storyboard; sourceTree = "<group>"; };
		846CC4F523996954005E9516 /* Assets.xcassets */ = {isa = PBXFileReference; lastKnownFileType = folder.assetcatalog; path = Assets.xcassets; sourceTree = "<group>"; };
		846CC4F823996954005E9516 /* Base */ = {isa = PBXFileReference; lastKnownFileType = file.storyboard; name = Base; path = Base.lproj/LaunchScreen.storyboard; sourceTree = "<group>"; };
		846CC4FA23996954005E9516 /* Info.plist */ = {isa = PBXFileReference; lastKnownFileType = text.plist.xml; path = Info.plist; sourceTree = "<group>"; };
		846CC4FF23996954005E9516 /* OrderOfEventsTests.xctest */ = {isa = PBXFileReference; explicitFileType = wrapper.cfbundle; includeInIndex = 0; path = OrderOfEventsTests.xctest; sourceTree = BUILT_PRODUCTS_DIR; };
		846CC50323996954005E9516 /* OrderOfEventsTests.swift */ = {isa = PBXFileReference; lastKnownFileType = sourcecode.swift; path = OrderOfEventsTests.swift; sourceTree = "<group>"; };
		846CC50523996954005E9516 /* Info.plist */ = {isa = PBXFileReference; lastKnownFileType = text.plist.xml; path = Info.plist; sourceTree = "<group>"; };
		846CC50A23996955005E9516 /* OrderOfEventsUITests.xctest */ = {isa = PBXFileReference; explicitFileType = wrapper.cfbundle; includeInIndex = 0; path = OrderOfEventsUITests.xctest; sourceTree = BUILT_PRODUCTS_DIR; };
		846CC50E23996955005E9516 /* OrderOfEventsUITests.swift */ = {isa = PBXFileReference; lastKnownFileType = sourcecode.swift; path = OrderOfEventsUITests.swift; sourceTree = "<group>"; };
		846CC51023996955005E9516 /* Info.plist */ = {isa = PBXFileReference; lastKnownFileType = text.plist.xml; path = Info.plist; sourceTree = "<group>"; };
		846CC51C23996A4C005E9516 /* MiddleViewController.swift */ = {isa = PBXFileReference; lastKnownFileType = sourcecode.swift; path = MiddleViewController.swift; sourceTree = "<group>"; };
		846CC51E23996A61005E9516 /* LastViewController.swift */ = {isa = PBXFileReference; lastKnownFileType = sourcecode.swift; path = LastViewController.swift; sourceTree = "<group>"; };
/* End PBXFileReference section */

/* Begin PBXFrameworksBuildPhase section */
		846CC4E623996954005E9516 /* Frameworks */ = {
			isa = PBXFrameworksBuildPhase;
			buildActionMask = 2147483647;
			files = (
			);
			runOnlyForDeploymentPostprocessing = 0;
		};
		846CC4FC23996954005E9516 /* Frameworks */ = {
			isa = PBXFrameworksBuildPhase;
			buildActionMask = 2147483647;
			files = (
			);
			runOnlyForDeploymentPostprocessing = 0;
		};
		846CC50723996955005E9516 /* Frameworks */ = {
			isa = PBXFrameworksBuildPhase;
			buildActionMask = 2147483647;
			files = (
			);
			runOnlyForDeploymentPostprocessing = 0;
		};
/* End PBXFrameworksBuildPhase section */

/* Begin PBXGroup section */
		846CC4E023996954005E9516 = {
			isa = PBXGroup;
			children = (
				846CC4EB23996954005E9516 /* OrderOfEvents */,
				846CC50223996954005E9516 /* OrderOfEventsTests */,
				846CC50D23996955005E9516 /* OrderOfEventsUITests */,
				846CC4EA23996954005E9516 /* Products */,
			);
			sourceTree = "<group>";
		};
		846CC4EA23996954005E9516 /* Products */ = {
			isa = PBXGroup;
			children = (
				846CC4E923996954005E9516 /* OrderOfEvents.app */,
				846CC4FF23996954005E9516 /* OrderOfEventsTests.xctest */,
				846CC50A23996955005E9516 /* OrderOfEventsUITests.xctest */,
			);
			name = Products;
			sourceTree = "<group>";
		};
		846CC4EB23996954005E9516 /* OrderOfEvents */ = {
			isa = PBXGroup;
			children = (
				846CC4EC23996954005E9516 /* AppDelegate.swift */,
				846CC4EE23996954005E9516 /* SceneDelegate.swift */,
				846CC4F023996954005E9516 /* ViewController.swift */,
				846CC4F223996954005E9516 /* Main.storyboard */,
				846CC51C23996A4C005E9516 /* MiddleViewController.swift */,
				846CC51E23996A61005E9516 /* LastViewController.swift */,
				846CC4F523996954005E9516 /* Assets.xcassets */,
				846CC4F723996954005E9516 /* LaunchScreen.storyboard */,
				846CC4FA23996954005E9516 /* Info.plist */,
			);
			path = OrderOfEvents;
			sourceTree = "<group>";
		};
		846CC50223996954005E9516 /* OrderOfEventsTests */ = {
			isa = PBXGroup;
			children = (
				846CC50323996954005E9516 /* OrderOfEventsTests.swift */,
				846CC50523996954005E9516 /* Info.plist */,
			);
			path = OrderOfEventsTests;
			sourceTree = "<group>";
		};
		846CC50D23996955005E9516 /* OrderOfEventsUITests */ = {
			isa = PBXGroup;
			children = (
				846CC50E23996955005E9516 /* OrderOfEventsUITests.swift */,
				846CC51023996955005E9516 /* Info.plist */,
			);
			path = OrderOfEventsUITests;
			sourceTree = "<group>";
		};
/* End PBXGroup section */

/* Begin PBXNativeTarget section */
		846CC4E823996954005E9516 /* OrderOfEvents */ = {
			isa = PBXNativeTarget;
			buildConfigurationList = 846CC51323996955005E9516 /* Build configuration list for PBXNativeTarget "OrderOfEvents" */;
			buildPhases = (
				846CC4E523996954005E9516 /* Sources */,
				846CC4E623996954005E9516 /* Frameworks */,
				846CC4E723996954005E9516 /* Resources */,
			);
			buildRules = (
			);
			dependencies = (
			);
			name = OrderOfEvents;
			productName = OrderOfEvents;
			productReference = 846CC4E923996954005E9516 /* OrderOfEvents.app */;
			productType = "com.apple.product-type.application";
		};
		846CC4FE23996954005E9516 /* OrderOfEventsTests */ = {
			isa = PBXNativeTarget;
			buildConfigurationList = 846CC51623996955005E9516 /* Build configuration list for PBXNativeTarget "OrderOfEventsTests" */;
			buildPhases = (
				846CC4FB23996954005E9516 /* Sources */,
				846CC4FC23996954005E9516 /* Frameworks */,
				846CC4FD23996954005E9516 /* Resources */,
			);
			buildRules = (
			);
			dependencies = (
				846CC50123996954005E9516 /* PBXTargetDependency */,
			);
			name = OrderOfEventsTests;
			productName = OrderOfEventsTests;
			productReference = 846CC4FF23996954005E9516 /* OrderOfEventsTests.xctest */;
			productType = "com.apple.product-type.bundle.unit-test";
		};
		846CC50923996955005E9516 /* OrderOfEventsUITests */ = {
			isa = PBXNativeTarget;
			buildConfigurationList = 846CC51923996955005E9516 /* Build configuration list for PBXNativeTarget "OrderOfEventsUITests" */;
			buildPhases = (
				846CC50623996955005E9516 /* Sources */,
				846CC50723996955005E9516 /* Frameworks */,
				846CC50823996955005E9516 /* Resources */,
			);
			buildRules = (
			);
			dependencies = (
				846CC50C23996955005E9516 /* PBXTargetDependency */,
			);
			name = OrderOfEventsUITests;
			productName = OrderOfEventsUITests;
			productReference = 846CC50A23996955005E9516 /* OrderOfEventsUITests.xctest */;
			productType = "com.apple.product-type.bundle.ui-testing";
		};
/* End PBXNativeTarget section */

/* Begin PBXProject section */
		846CC4E123996954005E9516 /* Project object */ = {
			isa = PBXProject;
			attributes = {
				LastSwiftUpdateCheck = 1100;
				LastUpgradeCheck = 1100;
				ORGANIZATIONNAME = AlexInc;
				TargetAttributes = {
					846CC4E823996954005E9516 = {
						CreatedOnToolsVersion = 11.0;
					};
					846CC4FE23996954005E9516 = {
						CreatedOnToolsVersion = 11.0;
						TestTargetID = 846CC4E823996954005E9516;
					};
					846CC50923996955005E9516 = {
						CreatedOnToolsVersion = 11.0;
						TestTargetID = 846CC4E823996954005E9516;
					};
				};
			};
			buildConfigurationList = 846CC4E423996954005E9516 /* Build configuration list for PBXProject "OrderOfEvents" */;
			compatibilityVersion = "Xcode 9.3";
			developmentRegion = en;
			hasScannedForEncodings = 0;
			knownRegions = (
				en,
				Base,
			);
			mainGroup = 846CC4E023996954005E9516;
			productRefGroup = 846CC4EA23996954005E9516 /* Products */;
			projectDirPath = "";
			projectRoot = "";
			targets = (
				846CC4E823996954005E9516 /* OrderOfEvents */,
				846CC4FE23996954005E9516 /* OrderOfEventsTests */,
				846CC50923996955005E9516 /* OrderOfEventsUITests */,
			);
		};
/* End PBXProject section */

/* Begin PBXResourcesBuildPhase section */
		846CC4E723996954005E9516 /* Resources */ = {
			isa = PBXResourcesBuildPhase;
			buildActionMask = 2147483647;
			files = (
				846CC4F923996954005E9516 /* LaunchScreen.storyboard in Resources */,
				846CC4F623996954005E9516 /* Assets.xcassets in Resources */,
				846CC4F423996954005E9516 /* Main.storyboard in Resources */,
			);
			runOnlyForDeploymentPostprocessing = 0;
		};
		846CC4FD23996954005E9516 /* Resources */ = {
			isa = PBXResourcesBuildPhase;
			buildActionMask = 2147483647;
			files = (
			);
			runOnlyForDeploymentPostprocessing = 0;
		};
		846CC50823996955005E9516 /* Resources */ = {
			isa = PBXResourcesBuildPhase;
			buildActionMask = 2147483647;
			files = (
			);
			runOnlyForDeploymentPostprocessing = 0;
		};
/* End PBXResourcesBuildPhase section */

/* Begin PBXSourcesBuildPhase section */
		846CC4E523996954005E9516 /* Sources */ = {
			isa = PBXSourcesBuildPhase;
			buildActionMask = 2147483647;
			files = (
				846CC4F123996954005E9516 /* ViewController.swift in Sources */,
				846CC51F23996A61005E9516 /* LastViewController.swift in Sources */,
				846CC4ED23996954005E9516 /* AppDelegate.swift in Sources */,
				846CC4EF23996954005E9516 /* SceneDelegate.swift in Sources */,
				846CC51D23996A4C005E9516 /* MiddleViewController.swift in Sources */,
			);
			runOnlyForDeploymentPostprocessing = 0;
		};
		846CC4FB23996954005E9516 /* Sources */ = {
			isa = PBXSourcesBuildPhase;
			buildActionMask = 2147483647;
			files = (
				846CC50423996954005E9516 /* OrderOfEventsTests.swift in Sources */,
			);
			runOnlyForDeploymentPostprocessing = 0;
		};
		846CC50623996955005E9516 /* Sources */ = {
			isa = PBXSourcesBuildPhase;
			buildActionMask = 2147483647;
			files = (
				846CC50F23996955005E9516 /* OrderOfEventsUITests.swift in Sources */,
			);
			runOnlyForDeploymentPostprocessing = 0;
		};
/* End PBXSourcesBuildPhase section */

/* Begin PBXTargetDependency section */
		846CC50123996954005E9516 /* PBXTargetDependency */ = {
			isa = PBXTargetDependency;
			target = 846CC4E823996954005E9516 /* OrderOfEvents */;
			targetProxy = 846CC50023996954005E9516 /* PBXContainerItemProxy */;
		};
		846CC50C23996955005E9516 /* PBXTargetDependency */ = {
			isa = PBXTargetDependency;
			target = 846CC4E823996954005E9516 /* OrderOfEvents */;
			targetProxy = 846CC50B23996955005E9516 /* PBXContainerItemProxy */;
		};
/* End PBXTargetDependency section */

/* Begin PBXVariantGroup section */
		846CC4F223996954005E9516 /* Main.storyboard */ = {
			isa = PBXVariantGroup;
			children = (
				846CC4F323996954005E9516 /* Base */,
			);
			name = Main.storyboard;
			sourceTree = "<group>";
		};
		846CC4F723996954005E9516 /* LaunchScreen.storyboard */ = {
			isa = PBXVariantGroup;
			children = (
				846CC4F823996954005E9516 /* Base */,
			);
			name = LaunchScreen.storyboard;
			sourceTree = "<group>";
		};
/* End PBXVariantGroup section */

/* Begin XCBuildConfiguration section */
		846CC51123996955005E9516 /* Debug */ = {
			isa = XCBuildConfiguration;
			buildSettings = {
				ALWAYS_SEARCH_USER_PATHS = NO;
				CLANG_ANALYZER_NONNULL = YES;
				CLANG_ANALYZER_NUMBER_OBJECT_CONVERSION = YES_AGGRESSIVE;
				CLANG_CXX_LANGUAGE_STANDARD = "gnu++14";
				CLANG_CXX_LIBRARY = "libc++";
				CLANG_ENABLE_MODULES = YES;
				CLANG_ENABLE_OBJC_ARC = YES;
				CLANG_ENABLE_OBJC_WEAK = YES;
				CLANG_WARN_BLOCK_CAPTURE_AUTORELEASING = YES;
				CLANG_WARN_BOOL_CONVERSION = YES;
				CLANG_WARN_COMMA = YES;
				CLANG_WARN_CONSTANT_CONVERSION = YES;
				CLANG_WARN_DEPRECATED_OBJC_IMPLEMENTATIONS = YES;
				CLANG_WARN_DIRECT_OBJC_ISA_USAGE = YES_ERROR;
				CLANG_WARN_DOCUMENTATION_COMMENTS = YES;
				CLANG_WARN_EMPTY_BODY = YES;
				CLANG_WARN_ENUM_CONVERSION = YES;
				CLANG_WARN_INFINITE_RECURSION = YES;
				CLANG_WARN_INT_CONVERSION = YES;
				CLANG_WARN_NON_LITERAL_NULL_CONVERSION = YES;
				CLANG_WARN_OBJC_IMPLICIT_RETAIN_SELF = YES;
				CLANG_WARN_OBJC_LITERAL_CONVERSION = YES;
				CLANG_WARN_OBJC_ROOT_CLASS = YES_ERROR;
				CLANG_WARN_RANGE_LOOP_ANALYSIS = YES;
				CLANG_WARN_STRICT_PROTOTYPES = YES;
				CLANG_WARN_SUSPICIOUS_MOVE = YES;
				CLANG_WARN_UNGUARDED_AVAILABILITY = YES_AGGRESSIVE;
				CLANG_WARN_UNREACHABLE_CODE = YES;
				CLANG_WARN__DUPLICATE_METHOD_MATCH = YES;
				COPY_PHASE_STRIP = NO;
				DEBUG_INFORMATION_FORMAT = dwarf;
				ENABLE_STRICT_OBJC_MSGSEND = YES;
				ENABLE_TESTABILITY = YES;
				GCC_C_LANGUAGE_STANDARD = gnu11;
				GCC_DYNAMIC_NO_PIC = NO;
				GCC_NO_COMMON_BLOCKS = YES;
				GCC_OPTIMIZATION_LEVEL = 0;
				GCC_PREPROCESSOR_DEFINITIONS = (
					"DEBUG=1",
					"$(inherited)",
				);
				GCC_WARN_64_TO_32_BIT_CONVERSION = YES;
				GCC_WARN_ABOUT_RETURN_TYPE = YES_ERROR;
				GCC_WARN_UNDECLARED_SELECTOR = YES;
				GCC_WARN_UNINITIALIZED_AUTOS = YES_AGGRESSIVE;
				GCC_WARN_UNUSED_FUNCTION = YES;
				GCC_WARN_UNUSED_VARIABLE = YES;
				IPHONEOS_DEPLOYMENT_TARGET = 13.0;
				MTL_ENABLE_DEBUG_INFO = INCLUDE_SOURCE;
				MTL_FAST_MATH = YES;
				ONLY_ACTIVE_ARCH = YES;
				SDKROOT = iphoneos;
				SWIFT_ACTIVE_COMPILATION_CONDITIONS = DEBUG;
				SWIFT_OPTIMIZATION_LEVEL = "-Onone";
			};
			name = Debug;
		};
		846CC51223996955005E9516 /* Release */ = {
			isa = XCBuildConfiguration;
			buildSettings = {
				ALWAYS_SEARCH_USER_PATHS = NO;
				CLANG_ANALYZER_NONNULL = YES;
				CLANG_ANALYZER_NUMBER_OBJECT_CONVERSION = YES_AGGRESSIVE;
				CLANG_CXX_LANGUAGE_STANDARD = "gnu++14";
				CLANG_CXX_LIBRARY = "libc++";
				CLANG_ENABLE_MODULES = YES;
				CLANG_ENABLE_OBJC_ARC = YES;
				CLANG_ENABLE_OBJC_WEAK = YES;
				CLANG_WARN_BLOCK_CAPTURE_AUTORELEASING = YES;
				CLANG_WARN_BOOL_CONVERSION = YES;
				CLANG_WARN_COMMA = YES;
				CLANG_WARN_CONSTANT_CONVERSION = YES;
				CLANG_WARN_DEPRECATED_OBJC_IMPLEMENTATIONS = YES;
				CLANG_WARN_DIRECT_OBJC_ISA_USAGE = YES_ERROR;
				CLANG_WARN_DOCUMENTATION_COMMENTS = YES;
				CLANG_WARN_EMPTY_BODY = YES;
				CLANG_WARN_ENUM_CONVERSION = YES;
				CLANG_WARN_INFINITE_RECURSION = YES;
				CLANG_WARN_INT_CONVERSION = YES;
				CLANG_WARN_NON_LITERAL_NULL_CONVERSION = YES;
				CLANG_WARN_OBJC_IMPLICIT_RETAIN_SELF = YES;
				CLANG_WARN_OBJC_LITERAL_CONVERSION = YES;
				CLANG_WARN_OBJC_ROOT_CLASS = YES_ERROR;
				CLANG_WARN_RANGE_LOOP_ANALYSIS = YES;
				CLANG_WARN_STRICT_PROTOTYPES = YES;
				CLANG_WARN_SUSPICIOUS_MOVE = YES;
				CLANG_WARN_UNGUARDED_AVAILABILITY = YES_AGGRESSIVE;
				CLANG_WARN_UNREACHABLE_CODE = YES;
				CLANG_WARN__DUPLICATE_METHOD_MATCH = YES;
				COPY_PHASE_STRIP = NO;
				DEBUG_INFORMATION_FORMAT = "dwarf-with-dsym";
				ENABLE_NS_ASSERTIONS = NO;
				ENABLE_STRICT_OBJC_MSGSEND = YES;
				GCC_C_LANGUAGE_STANDARD = gnu11;
				GCC_NO_COMMON_BLOCKS = YES;
				GCC_WARN_64_TO_32_BIT_CONVERSION = YES;
				GCC_WARN_ABOUT_RETURN_TYPE = YES_ERROR;
				GCC_WARN_UNDECLARED_SELECTOR = YES;
				GCC_WARN_UNINITIALIZED_AUTOS = YES_AGGRESSIVE;
				GCC_WARN_UNUSED_FUNCTION = YES;
				GCC_WARN_UNUSED_VARIABLE = YES;
				IPHONEOS_DEPLOYMENT_TARGET = 13.0;
				MTL_ENABLE_DEBUG_INFO = NO;
				MTL_FAST_MATH = YES;
				SDKROOT = iphoneos;
				SWIFT_COMPILATION_MODE = wholemodule;
				SWIFT_OPTIMIZATION_LEVEL = "-O";
				VALIDATE_PRODUCT = YES;
			};
			name = Release;
		};
		846CC51423996955005E9516 /* Debug */ = {
			isa = XCBuildConfiguration;
			buildSettings = {
				ASSETCATALOG_COMPILER_APPICON_NAME = AppIcon;
				CODE_SIGN_STYLE = Automatic;
				INFOPLIST_FILE = OrderOfEvents/Info.plist;
				LD_RUNPATH_SEARCH_PATHS = (
					"$(inherited)",
					"@executable_path/Frameworks",
				);
				PRODUCT_BUNDLE_IDENTIFIER = AlexInc.OrderOfEvents;
				PRODUCT_NAME = "$(TARGET_NAME)";
				SWIFT_VERSION = 5.0;
				TARGETED_DEVICE_FAMILY = "1,2";
			};
			name = Debug;
		};
		846CC51523996955005E9516 /* Release */ = {
			isa = XCBuildConfiguration;
			buildSettings = {
				ASSETCATALOG_COMPILER_APPICON_NAME = AppIcon;
				CODE_SIGN_STYLE = Automatic;
				INFOPLIST_FILE = OrderOfEvents/Info.plist;
				LD_RUNPATH_SEARCH_PATHS = (
					"$(inherited)",
					"@executable_path/Frameworks",
				);
				PRODUCT_BUNDLE_IDENTIFIER = AlexInc.OrderOfEvents;
				PRODUCT_NAME = "$(TARGET_NAME)";
				SWIFT_VERSION = 5.0;
				TARGETED_DEVICE_FAMILY = "1,2";
			};
			name = Release;
		};
		846CC51723996955005E9516 /* Debug */ = {
			isa = XCBuildConfiguration;
			buildSettings = {
				ALWAYS_EMBED_SWIFT_STANDARD_LIBRARIES = YES;
				BUNDLE_LOADER = "$(TEST_HOST)";
				CODE_SIGN_STYLE = Automatic;
				INFOPLIST_FILE = OrderOfEventsTests/Info.plist;
				LD_RUNPATH_SEARCH_PATHS = (
					"$(inherited)",
					"@executable_path/Frameworks",
					"@loader_path/Frameworks",
				);
				PRODUCT_BUNDLE_IDENTIFIER = AlexInc.OrderOfEventsTests;
				PRODUCT_NAME = "$(TARGET_NAME)";
				SWIFT_VERSION = 5.0;
				TARGETED_DEVICE_FAMILY = "1,2";
				TEST_HOST = "$(BUILT_PRODUCTS_DIR)/OrderOfEvents.app/OrderOfEvents";
			};
			name = Debug;
		};
		846CC51823996955005E9516 /* Release */ = {
			isa = XCBuildConfiguration;
			buildSettings = {
				ALWAYS_EMBED_SWIFT_STANDARD_LIBRARIES = YES;
				BUNDLE_LOADER = "$(TEST_HOST)";
				CODE_SIGN_STYLE = Automatic;
				INFOPLIST_FILE = OrderOfEventsTests/Info.plist;
				LD_RUNPATH_SEARCH_PATHS = (
					"$(inherited)",
					"@executable_path/Frameworks",
					"@loader_path/Frameworks",
				);
				PRODUCT_BUNDLE_IDENTIFIER = AlexInc.OrderOfEventsTests;
				PRODUCT_NAME = "$(TARGET_NAME)";
				SWIFT_VERSION = 5.0;
				TARGETED_DEVICE_FAMILY = "1,2";
				TEST_HOST = "$(BUILT_PRODUCTS_DIR)/OrderOfEvents.app/OrderOfEvents";
			};
			name = Release;
		};
		846CC51A23996955005E9516 /* Debug */ = {
			isa = XCBuildConfiguration;
			buildSettings = {
				ALWAYS_EMBED_SWIFT_STANDARD_LIBRARIES = YES;
				CODE_SIGN_STYLE = Automatic;
				INFOPLIST_FILE = OrderOfEventsUITests/Info.plist;
				LD_RUNPATH_SEARCH_PATHS = (
					"$(inherited)",
					"@executable_path/Frameworks",
					"@loader_path/Frameworks",
				);
				PRODUCT_BUNDLE_IDENTIFIER = AlexInc.OrderOfEventsUITests;
				PRODUCT_NAME = "$(TARGET_NAME)";
				SWIFT_VERSION = 5.0;
				TARGETED_DEVICE_FAMILY = "1,2";
				TEST_TARGET_NAME = OrderOfEvents;
			};
			name = Debug;
		};
		846CC51B23996955005E9516 /* Release */ = {
			isa = XCBuildConfiguration;
			buildSettings = {
				ALWAYS_EMBED_SWIFT_STANDARD_LIBRARIES = YES;
				CODE_SIGN_STYLE = Automatic;
				INFOPLIST_FILE = OrderOfEventsUITests/Info.plist;
				LD_RUNPATH_SEARCH_PATHS = (
					"$(inherited)",
					"@executable_path/Frameworks",
					"@loader_path/Frameworks",
				);
				PRODUCT_BUNDLE_IDENTIFIER = AlexInc.OrderOfEventsUITests;
				PRODUCT_NAME = "$(TARGET_NAME)";
				SWIFT_VERSION = 5.0;
				TARGETED_DEVICE_FAMILY = "1,2";
				TEST_TARGET_NAME = OrderOfEvents;
			};
			name = Release;
		};
/* End XCBuildConfiguration section */

/* Begin XCConfigurationList section */
		846CC4E423996954005E9516 /* Build configuration list for PBXProject "OrderOfEvents" */ = {
			isa = XCConfigurationList;
			buildConfigurations = (
				846CC51123996955005E9516 /* Debug */,
				846CC51223996955005E9516 /* Release */,
			);
			defaultConfigurationIsVisible = 0;
			defaultConfigurationName = Release;
		};
		846CC51323996955005E9516 /* Build configuration list for PBXNativeTarget "OrderOfEvents" */ = {
			isa = XCConfigurationList;
			buildConfigurations = (
				846CC51423996955005E9516 /* Debug */,
				846CC51523996955005E9516 /* Release */,
			);
			defaultConfigurationIsVisible = 0;
			defaultConfigurationName = Release;
		};
		846CC51623996955005E9516 /* Build configuration list for PBXNativeTarget "OrderOfEventsTests" */ = {
			isa = XCConfigurationList;
			buildConfigurations = (
				846CC51723996955005E9516 /* Debug */,
				846CC51823996955005E9516 /* Release */,
			);
			defaultConfigurationIsVisible = 0;
			defaultConfigurationName = Release;
		};
		846CC51923996955005E9516 /* Build configuration list for PBXNativeTarget "OrderOfEventsUITests" */ = {
			isa = XCConfigurationList;
			buildConfigurations = (
				846CC51A23996955005E9516 /* Debug */,
				846CC51B23996955005E9516 /* Release */,
			);
			defaultConfigurationIsVisible = 0;
			defaultConfigurationName = Release;
		};
/* End XCConfigurationList section */
	};
	rootObject = 846CC4E123996954005E9516 /* Project object */;
}
