// !$*UTF8*$!
{
	archiveVersion = 1;
	classes = {
	};
	objectVersion = 50;
	objects = {

/* Begin PBXBuildFile section */
		846CC3B1237DE01C005E9516 /* AppDelegate.swift in Sources */ = {isa = PBXBuildFile; fileRef = 846CC3B0237DE01C005E9516 /* AppDelegate.swift */; };
		846CC3B3237DE01C005E9516 /* SceneDelegate.swift in Sources */ = {isa = PBXBuildFile; fileRef = 846CC3B2237DE01C005E9516 /* SceneDelegate.swift */; };
		846CC3B5237DE01C005E9516 /* ViewController.swift in Sources */ = {isa = PBXBuildFile; fileRef = 846CC3B4237DE01C005E9516 /* ViewController.swift */; };
		846CC3B8237DE01C005E9516 /* Main.storyboard in Resources */ = {isa = PBXBuildFile; fileRef = 846CC3B6237DE01C005E9516 /* Main.storyboard */; };
		846CC3BA237DE01D005E9516 /* Assets.xcassets in Resources */ = {isa = PBXBuildFile; fileRef = 846CC3B9237DE01D005E9516 /* Assets.xcassets */; };
		846CC3BD237DE01D005E9516 /* LaunchScreen.storyboard in Resources */ = {isa = PBXBuildFile; fileRef = 846CC3BB237DE01D005E9516 /* LaunchScreen.storyboard */; };
		846CC3C8237DE01D005E9516 /* HelloWorldTests.swift in Sources */ = {isa = PBXBuildFile; fileRef = 846CC3C7237DE01D005E9516 /* HelloWorldTests.swift */; };
		846CC3D3237DE01D005E9516 /* HelloWorldUITests.swift in Sources */ = {isa = PBXBuildFile; fileRef = 846CC3D2237DE01D005E9516 /* HelloWorldUITests.swift */; };
/* End PBXBuildFile section */

/* Begin PBXContainerItemProxy section */
		846CC3C4237DE01D005E9516 /* PBXContainerItemProxy */ = {
			isa = PBXContainerItemProxy;
			containerPortal = 846CC3A5237DE01C005E9516 /* Project object */;
			proxyType = 1;
			remoteGlobalIDString = 846CC3AC237DE01C005E9516;
			remoteInfo = HelloWorld;
		};
		846CC3CF237DE01D005E9516 /* PBXContainerItemProxy */ = {
			isa = PBXContainerItemProxy;
			containerPortal = 846CC3A5237DE01C005E9516 /* Project object */;
			proxyType = 1;
			remoteGlobalIDString = 846CC3AC237DE01C005E9516;
			remoteInfo = HelloWorld;
		};
/* End PBXContainerItemProxy section */

/* Begin PBXFileReference section */
		846CC3AD237DE01C005E9516 /* HelloWorld.app */ = {isa = PBXFileReference; explicitFileType = wrapper.application; includeInIndex = 0; path = HelloWorld.app; sourceTree = BUILT_PRODUCTS_DIR; };
		846CC3B0237DE01C005E9516 /* AppDelegate.swift */ = {isa = PBXFileReference; lastKnownFileType = sourcecode.swift; path = AppDelegate.swift; sourceTree = "<group>"; };
		846CC3B2237DE01C005E9516 /* SceneDelegate.swift */ = {isa = PBXFileReference; lastKnownFileType = sourcecode.swift; path = SceneDelegate.swift; sourceTree = "<group>"; };
		846CC3B4237DE01C005E9516 /* ViewController.swift */ = {isa = PBXFileReference; lastKnownFileType = sourcecode.swift; path = ViewController.swift; sourceTree = "<group>"; };
		846CC3B7237DE01C005E9516 /* Base */ = {isa = PBXFileReference; lastKnownFileType = file.storyboard; name = Base; path = Base.lproj/Main.storyboard; sourceTree = "<group>"; };
		846CC3B9237DE01D005E9516 /* Assets.xcassets */ = {isa = PBXFileReference; lastKnownFileType = folder.assetcatalog; path = Assets.xcassets; sourceTree = "<group>"; };
		846CC3BC237DE01D005E9516 /* Base */ = {isa = PBXFileReference; lastKnownFileType = file.storyboard; name = Base; path = Base.lproj/LaunchScreen.storyboard; sourceTree = "<group>"; };
		846CC3BE237DE01D005E9516 /* Info.plist */ = {isa = PBXFileReference; lastKnownFileType = text.plist.xml; path = Info.plist; sourceTree = "<group>"; };
		846CC3C3237DE01D005E9516 /* HelloWorldTests.xctest */ = {isa = PBXFileReference; explicitFileType = wrapper.cfbundle; includeInIndex = 0; path = HelloWorldTests.xctest; sourceTree = BUILT_PRODUCTS_DIR; };
		846CC3C7237DE01D005E9516 /* HelloWorldTests.swift */ = {isa = PBXFileReference; lastKnownFileType = sourcecode.swift; path = HelloWorldTests.swift; sourceTree = "<group>"; };
		846CC3C9237DE01D005E9516 /* Info.plist */ = {isa = PBXFileReference; lastKnownFileType = text.plist.xml; path = Info.plist; sourceTree = "<group>"; };
		846CC3CE237DE01D005E9516 /* HelloWorldUITests.xctest */ = {isa = PBXFileReference; explicitFileType = wrapper.cfbundle; includeInIndex = 0; path = HelloWorldUITests.xctest; sourceTree = BUILT_PRODUCTS_DIR; };
		846CC3D2237DE01D005E9516 /* HelloWorldUITests.swift */ = {isa = PBXFileReference; lastKnownFileType = sourcecode.swift; path = HelloWorldUITests.swift; sourceTree = "<group>"; };
		846CC3D4237DE01D005E9516 /* Info.plist */ = {isa = PBXFileReference; lastKnownFileType = text.plist.xml; path = Info.plist; sourceTree = "<group>"; };
/* End PBXFileReference section */

/* Begin PBXFrameworksBuildPhase section */
		846CC3AA237DE01C005E9516 /* Frameworks */ = {
			isa = PBXFrameworksBuildPhase;
			buildActionMask = 2147483647;
			files = (
			);
			runOnlyForDeploymentPostprocessing = 0;
		};
		846CC3C0237DE01D005E9516 /* Frameworks */ = {
			isa = PBXFrameworksBuildPhase;
			buildActionMask = 2147483647;
			files = (
			);
			runOnlyForDeploymentPostprocessing = 0;
		};
		846CC3CB237DE01D005E9516 /* Frameworks */ = {
			isa = PBXFrameworksBuildPhase;
			buildActionMask = 2147483647;
			files = (
			);
			runOnlyForDeploymentPostprocessing = 0;
		};
/* End PBXFrameworksBuildPhase section */

/* Begin PBXGroup section */
		846CC3A4237DE01C005E9516 = {
			isa = PBXGroup;
			children = (
				846CC3AF237DE01C005E9516 /* HelloWorld */,
				846CC3C6237DE01D005E9516 /* HelloWorldTests */,
				846CC3D1237DE01D005E9516 /* HelloWorldUITests */,
				846CC3AE237DE01C005E9516 /* Products */,
			);
			sourceTree = "<group>";
		};
		846CC3AE237DE01C005E9516 /* Products */ = {
			isa = PBXGroup;
			children = (
				846CC3AD237DE01C005E9516 /* HelloWorld.app */,
				846CC3C3237DE01D005E9516 /* HelloWorldTests.xctest */,
				846CC3CE237DE01D005E9516 /* HelloWorldUITests.xctest */,
			);
			name = Products;
			sourceTree = "<group>";
		};
		846CC3AF237DE01C005E9516 /* HelloWorld */ = {
			isa = PBXGroup;
			children = (
				846CC3B0237DE01C005E9516 /* AppDelegate.swift */,
				846CC3B2237DE01C005E9516 /* SceneDelegate.swift */,
				846CC3B4237DE01C005E9516 /* ViewController.swift */,
				846CC3B6237DE01C005E9516 /* Main.storyboard */,
				846CC3B9237DE01D005E9516 /* Assets.xcassets */,
				846CC3BB237DE01D005E9516 /* LaunchScreen.storyboard */,
				846CC3BE237DE01D005E9516 /* Info.plist */,
			);
			path = HelloWorld;
			sourceTree = "<group>";
		};
		846CC3C6237DE01D005E9516 /* HelloWorldTests */ = {
			isa = PBXGroup;
			children = (
				846CC3C7237DE01D005E9516 /* HelloWorldTests.swift */,
				846CC3C9237DE01D005E9516 /* Info.plist */,
			);
			path = HelloWorldTests;
			sourceTree = "<group>";
		};
		846CC3D1237DE01D005E9516 /* HelloWorldUITests */ = {
			isa = PBXGroup;
			children = (
				846CC3D2237DE01D005E9516 /* HelloWorldUITests.swift */,
				846CC3D4237DE01D005E9516 /* Info.plist */,
			);
			path = HelloWorldUITests;
			sourceTree = "<group>";
		};
/* End PBXGroup section */

/* Begin PBXNativeTarget section */
		846CC3AC237DE01C005E9516 /* HelloWorld */ = {
			isa = PBXNativeTarget;
			buildConfigurationList = 846CC3D7237DE01D005E9516 /* Build configuration list for PBXNativeTarget "HelloWorld" */;
			buildPhases = (
				846CC3A9237DE01C005E9516 /* Sources */,
				846CC3AA237DE01C005E9516 /* Frameworks */,
				846CC3AB237DE01C005E9516 /* Resources */,
			);
			buildRules = (
			);
			dependencies = (
			);
			name = HelloWorld;
			productName = HelloWorld;
			productReference = 846CC3AD237DE01C005E9516 /* HelloWorld.app */;
			productType = "com.apple.product-type.application";
		};
		846CC3C2237DE01D005E9516 /* HelloWorldTests */ = {
			isa = PBXNativeTarget;
			buildConfigurationList = 846CC3DA237DE01D005E9516 /* Build configuration list for PBXNativeTarget "HelloWorldTests" */;
			buildPhases = (
				846CC3BF237DE01D005E9516 /* Sources */,
				846CC3C0237DE01D005E9516 /* Frameworks */,
				846CC3C1237DE01D005E9516 /* Resources */,
			);
			buildRules = (
			);
			dependencies = (
				846CC3C5237DE01D005E9516 /* PBXTargetDependency */,
			);
			name = HelloWorldTests;
			productName = HelloWorldTests;
			productReference = 846CC3C3237DE01D005E9516 /* HelloWorldTests.xctest */;
			productType = "com.apple.product-type.bundle.unit-test";
		};
		846CC3CD237DE01D005E9516 /* HelloWorldUITests */ = {
			isa = PBXNativeTarget;
			buildConfigurationList = 846CC3DD237DE01D005E9516 /* Build configuration list for PBXNativeTarget "HelloWorldUITests" */;
			buildPhases = (
				846CC3CA237DE01D005E9516 /* Sources */,
				846CC3CB237DE01D005E9516 /* Frameworks */,
				846CC3CC237DE01D005E9516 /* Resources */,
			);
			buildRules = (
			);
			dependencies = (
				846CC3D0237DE01D005E9516 /* PBXTargetDependency */,
			);
			name = HelloWorldUITests;
			productName = HelloWorldUITests;
			productReference = 846CC3CE237DE01D005E9516 /* HelloWorldUITests.xctest */;
			productType = "com.apple.product-type.bundle.ui-testing";
		};
/* End PBXNativeTarget section */

/* Begin PBXProject section */
		846CC3A5237DE01C005E9516 /* Project object */ = {
			isa = PBXProject;
			attributes = {
				LastSwiftUpdateCheck = 1100;
				LastUpgradeCheck = 1100;
				ORGANIZATIONNAME = AlexInc;
				TargetAttributes = {
					846CC3AC237DE01C005E9516 = {
						CreatedOnToolsVersion = 11.0;
					};
					846CC3C2237DE01D005E9516 = {
						CreatedOnToolsVersion = 11.0;
						TestTargetID = 846CC3AC237DE01C005E9516;
					};
					846CC3CD237DE01D005E9516 = {
						CreatedOnToolsVersion = 11.0;
						TestTargetID = 846CC3AC237DE01C005E9516;
					};
				};
			};
			buildConfigurationList = 846CC3A8237DE01C005E9516 /* Build configuration list for PBXProject "HelloWorld" */;
			compatibilityVersion = "Xcode 9.3";
			developmentRegion = en;
			hasScannedForEncodings = 0;
			knownRegions = (
				en,
				Base,
			);
			mainGroup = 846CC3A4237DE01C005E9516;
			productRefGroup = 846CC3AE237DE01C005E9516 /* Products */;
			projectDirPath = "";
			projectRoot = "";
			targets = (
				846CC3AC237DE01C005E9516 /* HelloWorld */,
				846CC3C2237DE01D005E9516 /* HelloWorldTests */,
				846CC3CD237DE01D005E9516 /* HelloWorldUITests */,
			);
		};
/* End PBXProject section */

/* Begin PBXResourcesBuildPhase section */
		846CC3AB237DE01C005E9516 /* Resources */ = {
			isa = PBXResourcesBuildPhase;
			buildActionMask = 2147483647;
			files = (
				846CC3BD237DE01D005E9516 /* LaunchScreen.storyboard in Resources */,
				846CC3BA237DE01D005E9516 /* Assets.xcassets in Resources */,
				846CC3B8237DE01C005E9516 /* Main.storyboard in Resources */,
			);
			runOnlyForDeploymentPostprocessing = 0;
		};
		846CC3C1237DE01D005E9516 /* Resources */ = {
			isa = PBXResourcesBuildPhase;
			buildActionMask = 2147483647;
			files = (
			);
			runOnlyForDeploymentPostprocessing = 0;
		};
		846CC3CC237DE01D005E9516 /* Resources */ = {
			isa = PBXResourcesBuildPhase;
			buildActionMask = 2147483647;
			files = (
			);
			runOnlyForDeploymentPostprocessing = 0;
		};
/* End PBXResourcesBuildPhase section */

/* Begin PBXSourcesBuildPhase section */
		846CC3A9237DE01C005E9516 /* Sources */ = {
			isa = PBXSourcesBuildPhase;
			buildActionMask = 2147483647;
			files = (
				846CC3B5237DE01C005E9516 /* ViewController.swift in Sources */,
				846CC3B1237DE01C005E9516 /* AppDelegate.swift in Sources */,
				846CC3B3237DE01C005E9516 /* SceneDelegate.swift in Sources */,
			);
			runOnlyForDeploymentPostprocessing = 0;
		};
		846CC3BF237DE01D005E9516 /* Sources */ = {
			isa = PBXSourcesBuildPhase;
			buildActionMask = 2147483647;
			files = (
				846CC3C8237DE01D005E9516 /* HelloWorldTests.swift in Sources */,
			);
			runOnlyForDeploymentPostprocessing = 0;
		};
		846CC3CA237DE01D005E9516 /* Sources */ = {
			isa = PBXSourcesBuildPhase;
			buildActionMask = 2147483647;
			files = (
				846CC3D3237DE01D005E9516 /* HelloWorldUITests.swift in Sources */,
			);
			runOnlyForDeploymentPostprocessing = 0;
		};
/* End PBXSourcesBuildPhase section */

/* Begin PBXTargetDependency section */
		846CC3C5237DE01D005E9516 /* PBXTargetDependency */ = {
			isa = PBXTargetDependency;
			target = 846CC3AC237DE01C005E9516 /* HelloWorld */;
			targetProxy = 846CC3C4237DE01D005E9516 /* PBXContainerItemProxy */;
		};
		846CC3D0237DE01D005E9516 /* PBXTargetDependency */ = {
			isa = PBXTargetDependency;
			target = 846CC3AC237DE01C005E9516 /* HelloWorld */;
			targetProxy = 846CC3CF237DE01D005E9516 /* PBXContainerItemProxy */;
		};
/* End PBXTargetDependency section */

/* Begin PBXVariantGroup section */
		846CC3B6237DE01C005E9516 /* Main.storyboard */ = {
			isa = PBXVariantGroup;
			children = (
				846CC3B7237DE01C005E9516 /* Base */,
			);
			name = Main.storyboard;
			sourceTree = "<group>";
		};
		846CC3BB237DE01D005E9516 /* LaunchScreen.storyboard */ = {
			isa = PBXVariantGroup;
			children = (
				846CC3BC237DE01D005E9516 /* Base */,
			);
			name = LaunchScreen.storyboard;
			sourceTree = "<group>";
		};
/* End PBXVariantGroup section */

/* Begin XCBuildConfiguration section */
		846CC3D5237DE01D005E9516 /* Debug */ = {
			isa = XCBuildConfiguration;
			buildSettings = {
				ALWAYS_SEARCH_USER_PATHS = NO;
				CLANG_ANALYZER_NONNULL = YES;
				CLANG_ANALYZER_NUMBER_OBJECT_CONVERSION = YES_AGGRESSIVE;
				CLANG_CXX_LANGUAGE_STANDARD = "gnu++14";
				CLANG_CXX_LIBRARY = "libc++";
				CLANG_ENABLE_MODULES = YES;
				CLANG_ENABLE_OBJC_ARC = YES;
				CLANG_ENABLE_OBJC_WEAK = YES;
				CLANG_WARN_BLOCK_CAPTURE_AUTORELEASING = YES;
				CLANG_WARN_BOOL_CONVERSION = YES;
				CLANG_WARN_COMMA = YES;
				CLANG_WARN_CONSTANT_CONVERSION = YES;
				CLANG_WARN_DEPRECATED_OBJC_IMPLEMENTATIONS = YES;
				CLANG_WARN_DIRECT_OBJC_ISA_USAGE = YES_ERROR;
				CLANG_WARN_DOCUMENTATION_COMMENTS = YES;
				CLANG_WARN_EMPTY_BODY = YES;
				CLANG_WARN_ENUM_CONVERSION = YES;
				CLANG_WARN_INFINITE_RECURSION = YES;
				CLANG_WARN_INT_CONVERSION = YES;
				CLANG_WARN_NON_LITERAL_NULL_CONVERSION = YES;
				CLANG_WARN_OBJC_IMPLICIT_RETAIN_SELF = YES;
				CLANG_WARN_OBJC_LITERAL_CONVERSION = YES;
				CLANG_WARN_OBJC_ROOT_CLASS = YES_ERROR;
				CLANG_WARN_RANGE_LOOP_ANALYSIS = YES;
				CLANG_WARN_STRICT_PROTOTYPES = YES;
				CLANG_WARN_SUSPICIOUS_MOVE = YES;
				CLANG_WARN_UNGUARDED_AVAILABILITY = YES_AGGRESSIVE;
				CLANG_WARN_UNREACHABLE_CODE = YES;
				CLANG_WARN__DUPLICATE_METHOD_MATCH = YES;
				COPY_PHASE_STRIP = NO;
				DEBUG_INFORMATION_FORMAT = dwarf;
				ENABLE_STRICT_OBJC_MSGSEND = YES;
				ENABLE_TESTABILITY = YES;
				GCC_C_LANGUAGE_STANDARD = gnu11;
				GCC_DYNAMIC_NO_PIC = NO;
				GCC_NO_COMMON_BLOCKS = YES;
				GCC_OPTIMIZATION_LEVEL = 0;
				GCC_PREPROCESSOR_DEFINITIONS = (
					"DEBUG=1",
					"$(inherited)",
				);
				GCC_WARN_64_TO_32_BIT_CONVERSION = YES;
				GCC_WARN_ABOUT_RETURN_TYPE = YES_ERROR;
				GCC_WARN_UNDECLARED_SELECTOR = YES;
				GCC_WARN_UNINITIALIZED_AUTOS = YES_AGGRESSIVE;
				GCC_WARN_UNUSED_FUNCTION = YES;
				GCC_WARN_UNUSED_VARIABLE = YES;
				IPHONEOS_DEPLOYMENT_TARGET = 13.0;
				MTL_ENABLE_DEBUG_INFO = INCLUDE_SOURCE;
				MTL_FAST_MATH = YES;
				ONLY_ACTIVE_ARCH = YES;
				SDKROOT = iphoneos;
				SWIFT_ACTIVE_COMPILATION_CONDITIONS = DEBUG;
				SWIFT_OPTIMIZATION_LEVEL = "-Onone";
			};
			name = Debug;
		};
		846CC3D6237DE01D005E9516 /* Release */ = {
			isa = XCBuildConfiguration;
			buildSettings = {
				ALWAYS_SEARCH_USER_PATHS = NO;
				CLANG_ANALYZER_NONNULL = YES;
				CLANG_ANALYZER_NUMBER_OBJECT_CONVERSION = YES_AGGRESSIVE;
				CLANG_CXX_LANGUAGE_STANDARD = "gnu++14";
				CLANG_CXX_LIBRARY = "libc++";
				CLANG_ENABLE_MODULES = YES;
				CLANG_ENABLE_OBJC_ARC = YES;
				CLANG_ENABLE_OBJC_WEAK = YES;
				CLANG_WARN_BLOCK_CAPTURE_AUTORELEASING = YES;
				CLANG_WARN_BOOL_CONVERSION = YES;
				CLANG_WARN_COMMA = YES;
				CLANG_WARN_CONSTANT_CONVERSION = YES;
				CLANG_WARN_DEPRECATED_OBJC_IMPLEMENTATIONS = YES;
				CLANG_WARN_DIRECT_OBJC_ISA_USAGE = YES_ERROR;
				CLANG_WARN_DOCUMENTATION_COMMENTS = YES;
				CLANG_WARN_EMPTY_BODY = YES;
				CLANG_WARN_ENUM_CONVERSION = YES;
				CLANG_WARN_INFINITE_RECURSION = YES;
				CLANG_WARN_INT_CONVERSION = YES;
				CLANG_WARN_NON_LITERAL_NULL_CONVERSION = YES;
				CLANG_WARN_OBJC_IMPLICIT_RETAIN_SELF = YES;
				CLANG_WARN_OBJC_LITERAL_CONVERSION = YES;
				CLANG_WARN_OBJC_ROOT_CLASS = YES_ERROR;
				CLANG_WARN_RANGE_LOOP_ANALYSIS = YES;
				CLANG_WARN_STRICT_PROTOTYPES = YES;
				CLANG_WARN_SUSPICIOUS_MOVE = YES;
				CLANG_WARN_UNGUARDED_AVAILABILITY = YES_AGGRESSIVE;
				CLANG_WARN_UNREACHABLE_CODE = YES;
				CLANG_WARN__DUPLICATE_METHOD_MATCH = YES;
				COPY_PHASE_STRIP = NO;
				DEBUG_INFORMATION_FORMAT = "dwarf-with-dsym";
				ENABLE_NS_ASSERTIONS = NO;
				ENABLE_STRICT_OBJC_MSGSEND = YES;
				GCC_C_LANGUAGE_STANDARD = gnu11;
				GCC_NO_COMMON_BLOCKS = YES;
				GCC_WARN_64_TO_32_BIT_CONVERSION = YES;
				GCC_WARN_ABOUT_RETURN_TYPE = YES_ERROR;
				GCC_WARN_UNDECLARED_SELECTOR = YES;
				GCC_WARN_UNINITIALIZED_AUTOS = YES_AGGRESSIVE;
				GCC_WARN_UNUSED_FUNCTION = YES;
				GCC_WARN_UNUSED_VARIABLE = YES;
				IPHONEOS_DEPLOYMENT_TARGET = 13.0;
				MTL_ENABLE_DEBUG_INFO = NO;
				MTL_FAST_MATH = YES;
				SDKROOT = iphoneos;
				SWIFT_COMPILATION_MODE = wholemodule;
				SWIFT_OPTIMIZATION_LEVEL = "-O";
				VALIDATE_PRODUCT = YES;
			};
			name = Release;
		};
		846CC3D8237DE01D005E9516 /* Debug */ = {
			isa = XCBuildConfiguration;
			buildSettings = {
				ASSETCATALOG_COMPILER_APPICON_NAME = AppIcon;
				CODE_SIGN_STYLE = Automatic;
				INFOPLIST_FILE = HelloWorld/Info.plist;
				LD_RUNPATH_SEARCH_PATHS = (
					"$(inherited)",
					"@executable_path/Frameworks",
				);
				PRODUCT_BUNDLE_IDENTIFIER = AlexInc.HelloWorld;
				PRODUCT_NAME = "$(TARGET_NAME)";
				SWIFT_VERSION = 5.0;
				TARGETED_DEVICE_FAMILY = "1,2";
			};
			name = Debug;
		};
		846CC3D9237DE01D005E9516 /* Release */ = {
			isa = XCBuildConfiguration;
			buildSettings = {
				ASSETCATALOG_COMPILER_APPICON_NAME = AppIcon;
				CODE_SIGN_STYLE = Automatic;
				INFOPLIST_FILE = HelloWorld/Info.plist;
				LD_RUNPATH_SEARCH_PATHS = (
					"$(inherited)",
					"@executable_path/Frameworks",
				);
				PRODUCT_BUNDLE_IDENTIFIER = AlexInc.HelloWorld;
				PRODUCT_NAME = "$(TARGET_NAME)";
				SWIFT_VERSION = 5.0;
				TARGETED_DEVICE_FAMILY = "1,2";
			};
			name = Release;
		};
		846CC3DB237DE01D005E9516 /* Debug */ = {
			isa = XCBuildConfiguration;
			buildSettings = {
				ALWAYS_EMBED_SWIFT_STANDARD_LIBRARIES = YES;
				BUNDLE_LOADER = "$(TEST_HOST)";
				CODE_SIGN_STYLE = Automatic;
				INFOPLIST_FILE = HelloWorldTests/Info.plist;
				LD_RUNPATH_SEARCH_PATHS = (
					"$(inherited)",
					"@executable_path/Frameworks",
					"@loader_path/Frameworks",
				);
				PRODUCT_BUNDLE_IDENTIFIER = AlexInc.HelloWorldTests;
				PRODUCT_NAME = "$(TARGET_NAME)";
				SWIFT_VERSION = 5.0;
				TARGETED_DEVICE_FAMILY = "1,2";
				TEST_HOST = "$(BUILT_PRODUCTS_DIR)/HelloWorld.app/HelloWorld";
			};
			name = Debug;
		};
		846CC3DC237DE01D005E9516 /* Release */ = {
			isa = XCBuildConfiguration;
			buildSettings = {
				ALWAYS_EMBED_SWIFT_STANDARD_LIBRARIES = YES;
				BUNDLE_LOADER = "$(TEST_HOST)";
				CODE_SIGN_STYLE = Automatic;
				INFOPLIST_FILE = HelloWorldTests/Info.plist;
				LD_RUNPATH_SEARCH_PATHS = (
					"$(inherited)",
					"@executable_path/Frameworks",
					"@loader_path/Frameworks",
				);
				PRODUCT_BUNDLE_IDENTIFIER = AlexInc.HelloWorldTests;
				PRODUCT_NAME = "$(TARGET_NAME)";
				SWIFT_VERSION = 5.0;
				TARGETED_DEVICE_FAMILY = "1,2";
				TEST_HOST = "$(BUILT_PRODUCTS_DIR)/HelloWorld.app/HelloWorld";
			};
			name = Release;
		};
		846CC3DE237DE01D005E9516 /* Debug */ = {
			isa = XCBuildConfiguration;
			buildSettings = {
				ALWAYS_EMBED_SWIFT_STANDARD_LIBRARIES = YES;
				CODE_SIGN_STYLE = Automatic;
				INFOPLIST_FILE = HelloWorldUITests/Info.plist;
				LD_RUNPATH_SEARCH_PATHS = (
					"$(inherited)",
					"@executable_path/Frameworks",
					"@loader_path/Frameworks",
				);
				PRODUCT_BUNDLE_IDENTIFIER = AlexInc.HelloWorldUITests;
				PRODUCT_NAME = "$(TARGET_NAME)";
				SWIFT_VERSION = 5.0;
				TARGETED_DEVICE_FAMILY = "1,2";
				TEST_TARGET_NAME = HelloWorld;
			};
			name = Debug;
		};
		846CC3DF237DE01D005E9516 /* Release */ = {
			isa = XCBuildConfiguration;
			buildSettings = {
				ALWAYS_EMBED_SWIFT_STANDARD_LIBRARIES = YES;
				CODE_SIGN_STYLE = Automatic;
				INFOPLIST_FILE = HelloWorldUITests/Info.plist;
				LD_RUNPATH_SEARCH_PATHS = (
					"$(inherited)",
					"@executable_path/Frameworks",
					"@loader_path/Frameworks",
				);
				PRODUCT_BUNDLE_IDENTIFIER = AlexInc.HelloWorldUITests;
				PRODUCT_NAME = "$(TARGET_NAME)";
				SWIFT_VERSION = 5.0;
				TARGETED_DEVICE_FAMILY = "1,2";
				TEST_TARGET_NAME = HelloWorld;
			};
			name = Release;
		};
/* End XCBuildConfiguration section */

/* Begin XCConfigurationList section */
		846CC3A8237DE01C005E9516 /* Build configuration list for PBXProject "HelloWorld" */ = {
			isa = XCConfigurationList;
			buildConfigurations = (
				846CC3D5237DE01D005E9516 /* Debug */,
				846CC3D6237DE01D005E9516 /* Release */,
			);
			defaultConfigurationIsVisible = 0;
			defaultConfigurationName = Release;
		};
		846CC3D7237DE01D005E9516 /* Build configuration list for PBXNativeTarget "HelloWorld" */ = {
			isa = XCConfigurationList;
			buildConfigurations = (
				846CC3D8237DE01D005E9516 /* Debug */,
				846CC3D9237DE01D005E9516 /* Release */,
			);
			defaultConfigurationIsVisible = 0;
			defaultConfigurationName = Release;
		};
		846CC3DA237DE01D005E9516 /* Build configuration list for PBXNativeTarget "HelloWorldTests" */ = {
			isa = XCConfigurationList;
			buildConfigurations = (
				846CC3DB237DE01D005E9516 /* Debug */,
				846CC3DC237DE01D005E9516 /* Release */,
			);
			defaultConfigurationIsVisible = 0;
			defaultConfigurationName = Release;
		};
		846CC3DD237DE01D005E9516 /* Build configuration list for PBXNativeTarget "HelloWorldUITests" */ = {
			isa = XCConfigurationList;
			buildConfigurations = (
				846CC3DE237DE01D005E9516 /* Debug */,
				846CC3DF237DE01D005E9516 /* Release */,
			);
			defaultConfigurationIsVisible = 0;
			defaultConfigurationName = Release;
		};
/* End XCConfigurationList section */
	};
	rootObject = 846CC3A5237DE01C005E9516 /* Project object */;
}
